// !$*UTF8*$!
{
	archiveVersion = 1;
	classes = {
	};
	objectVersion = 56;
	objects = {

/* Begin PBXBuildFile section */
		E574EAB82B51C19A0038F229 /* iOS_Dev_Assesment.xcdatamodeld in Sources */ = {isa = PBXBuildFile; fileRef = E574EAB62B51C19A0038F229 /* iOS_Dev_Assesment.xcdatamodeld */; };
		E574EAC82B51C19B0038F229 /* iOS_Dev_AssesmentTests.swift in Sources */ = {isa = PBXBuildFile; fileRef = E574EAC72B51C19B0038F229 /* iOS_Dev_AssesmentTests.swift */; };
		E574EAD22B51C19C0038F229 /* iOS_Dev_AssesmentUITests.swift in Sources */ = {isa = PBXBuildFile; fileRef = E574EAD12B51C19C0038F229 /* iOS_Dev_AssesmentUITests.swift */; };
		E574EAD42B51C19C0038F229 /* iOS_Dev_AssesmentUITestsLaunchTests.swift in Sources */ = {isa = PBXBuildFile; fileRef = E574EAD32B51C19C0038F229 /* iOS_Dev_AssesmentUITestsLaunchTests.swift */; };
		E574EAF42B51FFDE0038F229 /* Assets.xcassets in Resources */ = {isa = PBXBuildFile; fileRef = E574EAE82B51FFDD0038F229 /* Assets.xcassets */; };
		E574EAF52B51FFDE0038F229 /* LaunchScreen.storyboard in Resources */ = {isa = PBXBuildFile; fileRef = E574EAE92B51FFDD0038F229 /* LaunchScreen.storyboard */; };
		E574EAF62B51FFDE0038F229 /* Main.storyboard in Resources */ = {isa = PBXBuildFile; fileRef = E574EAEB2B51FFDD0038F229 /* Main.storyboard */; };
		E574EAF72B51FFDE0038F229 /* ViewController.swift in Sources */ = {isa = PBXBuildFile; fileRef = E574EAF12B51FFDE0038F229 /* ViewController.swift */; };
		E574EAFB2B5201080038F229 /* AppDelegate.swift in Sources */ = {isa = PBXBuildFile; fileRef = E574EAF92B5201080038F229 /* AppDelegate.swift */; };
		E574EAFC2B5201080038F229 /* SceneDelegate.swift in Sources */ = {isa = PBXBuildFile; fileRef = E574EAFA2B5201080038F229 /* SceneDelegate.swift */; };
		E574EB002B5208860038F229 /* ProductTableViewCell.swift in Sources */ = {isa = PBXBuildFile; fileRef = E574EAFE2B5208860038F229 /* ProductTableViewCell.swift */; };
		E574EB012B5208860038F229 /* ProductTableViewCell.xib in Resources */ = {isa = PBXBuildFile; fileRef = E574EAFF2B5208860038F229 /* ProductTableViewCell.xib */; };
		E574EB032B520D8F0038F229 /* ProductViewModel.swift in Sources */ = {isa = PBXBuildFile; fileRef = E574EB022B520D8F0038F229 /* ProductViewModel.swift */; };
		E574EB062B520E150038F229 /* NetworkManager.swift in Sources */ = {isa = PBXBuildFile; fileRef = E574EB052B520E150038F229 /* NetworkManager.swift */; };
		E574EB082B52125D0038F229 /* Product.swift in Sources */ = {isa = PBXBuildFile; fileRef = E574EB072B52125D0038F229 /* Product.swift */; };
		E574EB0B2B5220CD0038F229 /* AppConstants.swift in Sources */ = {isa = PBXBuildFile; fileRef = E574EB0A2B5220CD0038F229 /* AppConstants.swift */; };
/* End PBXBuildFile section */

/* Begin PBXContainerItemProxy section */
		E574EAC42B51C19B0038F229 /* PBXContainerItemProxy */ = {
			isa = PBXContainerItemProxy;
			containerPortal = E574EAA22B51C19A0038F229 /* Project object */;
			proxyType = 1;
			remoteGlobalIDString = E574EAA92B51C19A0038F229;
			remoteInfo = "iOS Dev Assesment";
		};
		E574EACE2B51C19C0038F229 /* PBXContainerItemProxy */ = {
			isa = PBXContainerItemProxy;
			containerPortal = E574EAA22B51C19A0038F229 /* Project object */;
			proxyType = 1;
			remoteGlobalIDString = E574EAA92B51C19A0038F229;
			remoteInfo = "iOS Dev Assesment";
		};
/* End PBXContainerItemProxy section */

/* Begin PBXFileReference section */
		E574EAAA2B51C19A0038F229 /* iOS Dev Assesment.app */ = {isa = PBXFileReference; explicitFileType = wrapper.application; includeInIndex = 0; path = "iOS Dev Assesment.app"; sourceTree = BUILT_PRODUCTS_DIR; };
		E574EAB72B51C19A0038F229 /* iOS_Dev_Assesment.xcdatamodel */ = {isa = PBXFileReference; lastKnownFileType = wrapper.xcdatamodel; path = iOS_Dev_Assesment.xcdatamodel; sourceTree = "<group>"; };
		E574EABE2B51C19B0038F229 /* Info.plist */ = {isa = PBXFileReference; lastKnownFileType = text.plist.xml; path = Info.plist; sourceTree = "<group>"; };
		E574EAC32B51C19B0038F229 /* iOS Dev AssesmentTests.xctest */ = {isa = PBXFileReference; explicitFileType = wrapper.cfbundle; includeInIndex = 0; path = "iOS Dev AssesmentTests.xctest"; sourceTree = BUILT_PRODUCTS_DIR; };
		E574EAC72B51C19B0038F229 /* iOS_Dev_AssesmentTests.swift */ = {isa = PBXFileReference; lastKnownFileType = sourcecode.swift; path = iOS_Dev_AssesmentTests.swift; sourceTree = "<group>"; };
		E574EACD2B51C19C0038F229 /* iOS Dev AssesmentUITests.xctest */ = {isa = PBXFileReference; explicitFileType = wrapper.cfbundle; includeInIndex = 0; path = "iOS Dev AssesmentUITests.xctest"; sourceTree = BUILT_PRODUCTS_DIR; };
		E574EAD12B51C19C0038F229 /* iOS_Dev_AssesmentUITests.swift */ = {isa = PBXFileReference; lastKnownFileType = sourcecode.swift; path = iOS_Dev_AssesmentUITests.swift; sourceTree = "<group>"; };
		E574EAD32B51C19C0038F229 /* iOS_Dev_AssesmentUITestsLaunchTests.swift */ = {isa = PBXFileReference; lastKnownFileType = sourcecode.swift; path = iOS_Dev_AssesmentUITestsLaunchTests.swift; sourceTree = "<group>"; };
		E574EAE82B51FFDD0038F229 /* Assets.xcassets */ = {isa = PBXFileReference; lastKnownFileType = folder.assetcatalog; path = Assets.xcassets; sourceTree = "<group>"; };
		E574EAEA2B51FFDD0038F229 /* Base */ = {isa = PBXFileReference; lastKnownFileType = file.storyboard; name = Base; path = Base.lproj/LaunchScreen.storyboard; sourceTree = "<group>"; };
		E574EAEC2B51FFDD0038F229 /* Base */ = {isa = PBXFileReference; lastKnownFileType = file.storyboard; name = Base; path = Base.lproj/Main.storyboard; sourceTree = "<group>"; };
		E574EAF12B51FFDE0038F229 /* ViewController.swift */ = {isa = PBXFileReference; fileEncoding = 4; lastKnownFileType = sourcecode.swift; path = ViewController.swift; sourceTree = "<group>"; };
		E574EAF92B5201080038F229 /* AppDelegate.swift */ = {isa = PBXFileReference; fileEncoding = 4; lastKnownFileType = sourcecode.swift; path = AppDelegate.swift; sourceTree = "<group>"; };
		E574EAFA2B5201080038F229 /* SceneDelegate.swift */ = {isa = PBXFileReference; fileEncoding = 4; lastKnownFileType = sourcecode.swift; path = SceneDelegate.swift; sourceTree = "<group>"; };
		E574EAFE2B5208860038F229 /* ProductTableViewCell.swift */ = {isa = PBXFileReference; lastKnownFileType = sourcecode.swift; path = ProductTableViewCell.swift; sourceTree = "<group>"; };
		E574EAFF2B5208860038F229 /* ProductTableViewCell.xib */ = {isa = PBXFileReference; lastKnownFileType = file.xib; path = ProductTableViewCell.xib; sourceTree = "<group>"; };
		E574EB022B520D8F0038F229 /* ProductViewModel.swift */ = {isa = PBXFileReference; lastKnownFileType = sourcecode.swift; path = ProductViewModel.swift; sourceTree = "<group>"; };
		E574EB052B520E150038F229 /* NetworkManager.swift */ = {isa = PBXFileReference; lastKnownFileType = sourcecode.swift; path = NetworkManager.swift; sourceTree = "<group>"; };
		E574EB072B52125D0038F229 /* Product.swift */ = {isa = PBXFileReference; lastKnownFileType = sourcecode.swift; path = Product.swift; sourceTree = "<group>"; };
		E574EB0A2B5220CD0038F229 /* AppConstants.swift */ = {isa = PBXFileReference; lastKnownFileType = sourcecode.swift; path = AppConstants.swift; sourceTree = "<group>"; };
/* End PBXFileReference section */

/* Begin PBXFrameworksBuildPhase section */
		E574EAA72B51C19A0038F229 /* Frameworks */ = {
			isa = PBXFrameworksBuildPhase;
			buildActionMask = 2147483647;
			files = (
			);
			runOnlyForDeploymentPostprocessing = 0;
		};
		E574EAC02B51C19B0038F229 /* Frameworks */ = {
			isa = PBXFrameworksBuildPhase;
			buildActionMask = 2147483647;
			files = (
			);
			runOnlyForDeploymentPostprocessing = 0;
		};
		E574EACA2B51C19C0038F229 /* Frameworks */ = {
			isa = PBXFrameworksBuildPhase;
			buildActionMask = 2147483647;
			files = (
			);
			runOnlyForDeploymentPostprocessing = 0;
		};
/* End PBXFrameworksBuildPhase section */

/* Begin PBXGroup section */
		E574EAA12B51C19A0038F229 = {
			isa = PBXGroup;
			children = (
				E574EAAC2B51C19A0038F229 /* iOS Dev Assesment */,
				E574EAC62B51C19B0038F229 /* iOS Dev AssesmentTests */,
				E574EAD02B51C19C0038F229 /* iOS Dev AssesmentUITests */,
				E574EAAB2B51C19A0038F229 /* Products */,
			);
			sourceTree = "<group>";
		};
		E574EAAB2B51C19A0038F229 /* Products */ = {
			isa = PBXGroup;
			children = (
				E574EAAA2B51C19A0038F229 /* iOS Dev Assesment.app */,
				E574EAC32B51C19B0038F229 /* iOS Dev AssesmentTests.xctest */,
				E574EACD2B51C19C0038F229 /* iOS Dev AssesmentUITests.xctest */,
			);
			name = Products;
			sourceTree = "<group>";
		};
		E574EAAC2B51C19A0038F229 /* iOS Dev Assesment */ = {
			isa = PBXGroup;
			children = (
				E574EAF82B5200CC0038F229 /* AppDelegate */,
				E574EAE72B51FFDD0038F229 /* Resources */,
				E574EAED2B51FFDE0038F229 /* Sources */,
				E574EABE2B51C19B0038F229 /* Info.plist */,
				E574EAB62B51C19A0038F229 /* iOS_Dev_Assesment.xcdatamodeld */,
			);
			path = "iOS Dev Assesment";
			sourceTree = "<group>";
		};
		E574EAC62B51C19B0038F229 /* iOS Dev AssesmentTests */ = {
			isa = PBXGroup;
			children = (
				E574EAC72B51C19B0038F229 /* iOS_Dev_AssesmentTests.swift */,
			);
			path = "iOS Dev AssesmentTests";
			sourceTree = "<group>";
		};
		E574EAD02B51C19C0038F229 /* iOS Dev AssesmentUITests */ = {
			isa = PBXGroup;
			children = (
				E574EAD12B51C19C0038F229 /* iOS_Dev_AssesmentUITests.swift */,
				E574EAD32B51C19C0038F229 /* iOS_Dev_AssesmentUITestsLaunchTests.swift */,
			);
			path = "iOS Dev AssesmentUITests";
			sourceTree = "<group>";
		};
		E574EAE72B51FFDD0038F229 /* Resources */ = {
			isa = PBXGroup;
			children = (
				E574EAE82B51FFDD0038F229 /* Assets.xcassets */,
				E574EAE92B51FFDD0038F229 /* LaunchScreen.storyboard */,
				E574EAEB2B51FFDD0038F229 /* Main.storyboard */,
			);
			path = Resources;
			sourceTree = "<group>";
		};
		E574EAED2B51FFDE0038F229 /* Sources */ = {
			isa = PBXGroup;
			children = (
				E574EAEF2B51FFDE0038F229 /* Models */,
				E574EAEE2B51FFDE0038F229 /* ViewModels */,
				E574EAFD2B5208020038F229 /* Views */,
				E574EAF02B51FFDE0038F229 /* Controllers */,
				E574EB042B520E000038F229 /* Managers */,
				E574EB092B5220B60038F229 /* Utils */,
			);
			path = Sources;
			sourceTree = "<group>";
		};
		E574EAEE2B51FFDE0038F229 /* ViewModels */ = {
			isa = PBXGroup;
			children = (
				E574EB022B520D8F0038F229 /* ProductViewModel.swift */,
			);
			path = ViewModels;
			sourceTree = "<group>";
		};
		E574EAEF2B51FFDE0038F229 /* Models */ = {
			isa = PBXGroup;
			children = (
				E574EB072B52125D0038F229 /* Product.swift */,
			);
			path = Models;
			sourceTree = "<group>";
		};
		E574EAF02B51FFDE0038F229 /* Controllers */ = {
			isa = PBXGroup;
			children = (
				E574EAF12B51FFDE0038F229 /* ViewController.swift */,
			);
			path = Controllers;
			sourceTree = "<group>";
		};
		E574EAF82B5200CC0038F229 /* AppDelegate */ = {
			isa = PBXGroup;
			children = (
				E574EAF92B5201080038F229 /* AppDelegate.swift */,
				E574EAFA2B5201080038F229 /* SceneDelegate.swift */,
			);
			path = AppDelegate;
			sourceTree = "<group>";
		};
		E574EAFD2B5208020038F229 /* Views */ = {
			isa = PBXGroup;
			children = (
				E574EAFE2B5208860038F229 /* ProductTableViewCell.swift */,
				E574EAFF2B5208860038F229 /* ProductTableViewCell.xib */,
			);
			path = Views;
			sourceTree = "<group>";
		};
		E574EB042B520E000038F229 /* Managers */ = {
			isa = PBXGroup;
			children = (
				E574EB052B520E150038F229 /* NetworkManager.swift */,
			);
			path = Managers;
			sourceTree = "<group>";
		};
		E574EB092B5220B60038F229 /* Utils */ = {
			isa = PBXGroup;
			children = (
				E574EB0A2B5220CD0038F229 /* AppConstants.swift */,
			);
			path = Utils;
			sourceTree = "<group>";
		};
/* End PBXGroup section */

/* Begin PBXNativeTarget section */
		E574EAA92B51C19A0038F229 /* iOS Dev Assesment */ = {
			isa = PBXNativeTarget;
			buildConfigurationList = E574EAD72B51C19C0038F229 /* Build configuration list for PBXNativeTarget "iOS Dev Assesment" */;
			buildPhases = (
				E574EAA62B51C19A0038F229 /* Sources */,
				E574EAA72B51C19A0038F229 /* Frameworks */,
				E574EAA82B51C19A0038F229 /* Resources */,
			);
			buildRules = (
			);
			dependencies = (
			);
			name = "iOS Dev Assesment";
			productName = "iOS Dev Assesment";
			productReference = E574EAAA2B51C19A0038F229 /* iOS Dev Assesment.app */;
			productType = "com.apple.product-type.application";
		};
		E574EAC22B51C19B0038F229 /* iOS Dev AssesmentTests */ = {
			isa = PBXNativeTarget;
			buildConfigurationList = E574EADA2B51C19C0038F229 /* Build configuration list for PBXNativeTarget "iOS Dev AssesmentTests" */;
			buildPhases = (
				E574EABF2B51C19B0038F229 /* Sources */,
				E574EAC02B51C19B0038F229 /* Frameworks */,
				E574EAC12B51C19B0038F229 /* Resources */,
			);
			buildRules = (
			);
			dependencies = (
				E574EAC52B51C19B0038F229 /* PBXTargetDependency */,
			);
			name = "iOS Dev AssesmentTests";
			productName = "iOS Dev AssesmentTests";
			productReference = E574EAC32B51C19B0038F229 /* iOS Dev AssesmentTests.xctest */;
			productType = "com.apple.product-type.bundle.unit-test";
		};
		E574EACC2B51C19C0038F229 /* iOS Dev AssesmentUITests */ = {
			isa = PBXNativeTarget;
			buildConfigurationList = E574EADD2B51C19C0038F229 /* Build configuration list for PBXNativeTarget "iOS Dev AssesmentUITests" */;
			buildPhases = (
				E574EAC92B51C19C0038F229 /* Sources */,
				E574EACA2B51C19C0038F229 /* Frameworks */,
				E574EACB2B51C19C0038F229 /* Resources */,
			);
			buildRules = (
			);
			dependencies = (
				E574EACF2B51C19C0038F229 /* PBXTargetDependency */,
			);
			name = "iOS Dev AssesmentUITests";
			productName = "iOS Dev AssesmentUITests";
			productReference = E574EACD2B51C19C0038F229 /* iOS Dev AssesmentUITests.xctest */;
			productType = "com.apple.product-type.bundle.ui-testing";
		};
/* End PBXNativeTarget section */

/* Begin PBXProject section */
		E574EAA22B51C19A0038F229 /* Project object */ = {
			isa = PBXProject;
			attributes = {
				BuildIndependentTargetsInParallel = 1;
				LastSwiftUpdateCheck = 1420;
				LastUpgradeCheck = 1420;
				TargetAttributes = {
					E574EAA92B51C19A0038F229 = {
						CreatedOnToolsVersion = 14.2;
					};
					E574EAC22B51C19B0038F229 = {
						CreatedOnToolsVersion = 14.2;
						TestTargetID = E574EAA92B51C19A0038F229;
					};
					E574EACC2B51C19C0038F229 = {
						CreatedOnToolsVersion = 14.2;
						TestTargetID = E574EAA92B51C19A0038F229;
					};
				};
			};
			buildConfigurationList = E574EAA52B51C19A0038F229 /* Build configuration list for PBXProject "iOS Dev Assesment" */;
			compatibilityVersion = "Xcode 14.0";
			developmentRegion = en;
			hasScannedForEncodings = 0;
			knownRegions = (
				en,
				Base,
			);
			mainGroup = E574EAA12B51C19A0038F229;
			productRefGroup = E574EAAB2B51C19A0038F229 /* Products */;
			projectDirPath = "";
			projectRoot = "";
			targets = (
				E574EAA92B51C19A0038F229 /* iOS Dev Assesment */,
				E574EAC22B51C19B0038F229 /* iOS Dev AssesmentTests */,
				E574EACC2B51C19C0038F229 /* iOS Dev AssesmentUITests */,
			);
		};
/* End PBXProject section */

/* Begin PBXResourcesBuildPhase section */
		E574EAA82B51C19A0038F229 /* Resources */ = {
			isa = PBXResourcesBuildPhase;
			buildActionMask = 2147483647;
			files = (
				E574EAF62B51FFDE0038F229 /* Main.storyboard in Resources */,
				E574EB012B5208860038F229 /* ProductTableViewCell.xib in Resources */,
				E574EAF42B51FFDE0038F229 /* Assets.xcassets in Resources */,
				E574EAF52B51FFDE0038F229 /* LaunchScreen.storyboard in Resources */,
			);
			runOnlyForDeploymentPostprocessing = 0;
		};
		E574EAC12B51C19B0038F229 /* Resources */ = {
			isa = PBXResourcesBuildPhase;
			buildActionMask = 2147483647;
			files = (
			);
			runOnlyForDeploymentPostprocessing = 0;
		};
		E574EACB2B51C19C0038F229 /* Resources */ = {
			isa = PBXResourcesBuildPhase;
			buildActionMask = 2147483647;
			files = (
			);
			runOnlyForDeploymentPostprocessing = 0;
		};
/* End PBXResourcesBuildPhase section */

/* Begin PBXSourcesBuildPhase section */
		E574EAA62B51C19A0038F229 /* Sources */ = {
			isa = PBXSourcesBuildPhase;
			buildActionMask = 2147483647;
			files = (
				E574EB032B520D8F0038F229 /* ProductViewModel.swift in Sources */,
				E574EB0B2B5220CD0038F229 /* AppConstants.swift in Sources */,
				E574EAFC2B5201080038F229 /* SceneDelegate.swift in Sources */,
				E574EB082B52125D0038F229 /* Product.swift in Sources */,
				E574EAFB2B5201080038F229 /* AppDelegate.swift in Sources */,
				E574EAB82B51C19A0038F229 /* iOS_Dev_Assesment.xcdatamodeld in Sources */,
				E574EB062B520E150038F229 /* NetworkManager.swift in Sources */,
				E574EAF72B51FFDE0038F229 /* ViewController.swift in Sources */,
				E574EB002B5208860038F229 /* ProductTableViewCell.swift in Sources */,
			);
			runOnlyForDeploymentPostprocessing = 0;
		};
		E574EABF2B51C19B0038F229 /* Sources */ = {
			isa = PBXSourcesBuildPhase;
			buildActionMask = 2147483647;
			files = (
				E574EAC82B51C19B0038F229 /* iOS_Dev_AssesmentTests.swift in Sources */,
			);
			runOnlyForDeploymentPostprocessing = 0;
		};
		E574EAC92B51C19C0038F229 /* Sources */ = {
			isa = PBXSourcesBuildPhase;
			buildActionMask = 2147483647;
			files = (
				E574EAD42B51C19C0038F229 /* iOS_Dev_AssesmentUITestsLaunchTests.swift in Sources */,
				E574EAD22B51C19C0038F229 /* iOS_Dev_AssesmentUITests.swift in Sources */,
			);
			runOnlyForDeploymentPostprocessing = 0;
		};
/* End PBXSourcesBuildPhase section */

/* Begin PBXTargetDependency section */
		E574EAC52B51C19B0038F229 /* PBXTargetDependency */ = {
			isa = PBXTargetDependency;
			target = E574EAA92B51C19A0038F229 /* iOS Dev Assesment */;
			targetProxy = E574EAC42B51C19B0038F229 /* PBXContainerItemProxy */;
		};
		E574EACF2B51C19C0038F229 /* PBXTargetDependency */ = {
			isa = PBXTargetDependency;
			target = E574EAA92B51C19A0038F229 /* iOS Dev Assesment */;
			targetProxy = E574EACE2B51C19C0038F229 /* PBXContainerItemProxy */;
		};
/* End PBXTargetDependency section */

/* Begin PBXVariantGroup section */
		E574EAE92B51FFDD0038F229 /* LaunchScreen.storyboard */ = {
			isa = PBXVariantGroup;
			children = (
				E574EAEA2B51FFDD0038F229 /* Base */,
			);
			name = LaunchScreen.storyboard;
			sourceTree = "<group>";
		};
		E574EAEB2B51FFDD0038F229 /* Main.storyboard */ = {
			isa = PBXVariantGroup;
			children = (
				E574EAEC2B51FFDD0038F229 /* Base */,
			);
			name = Main.storyboard;
			sourceTree = "<group>";
		};
/* End PBXVariantGroup section */

/* Begin XCBuildConfiguration section */
		E574EAD52B51C19C0038F229 /* Debug */ = {
			isa = XCBuildConfiguration;
			buildSettings = {
				ALWAYS_SEARCH_USER_PATHS = NO;
				CLANG_ANALYZER_NONNULL = YES;
				CLANG_ANALYZER_NUMBER_OBJECT_CONVERSION = YES_AGGRESSIVE;
				CLANG_CXX_LANGUAGE_STANDARD = "gnu++20";
				CLANG_ENABLE_MODULES = YES;
				CLANG_ENABLE_OBJC_ARC = YES;
				CLANG_ENABLE_OBJC_WEAK = YES;
				CLANG_WARN_BLOCK_CAPTURE_AUTORELEASING = YES;
				CLANG_WARN_BOOL_CONVERSION = YES;
				CLANG_WARN_COMMA = YES;
				CLANG_WARN_CONSTANT_CONVERSION = YES;
				CLANG_WARN_DEPRECATED_OBJC_IMPLEMENTATIONS = YES;
				CLANG_WARN_DIRECT_OBJC_ISA_USAGE = YES_ERROR;
				CLANG_WARN_DOCUMENTATION_COMMENTS = YES;
				CLANG_WARN_EMPTY_BODY = YES;
				CLANG_WARN_ENUM_CONVERSION = YES;
				CLANG_WARN_INFINITE_RECURSION = YES;
				CLANG_WARN_INT_CONVERSION = YES;
				CLANG_WARN_NON_LITERAL_NULL_CONVERSION = YES;
				CLANG_WARN_OBJC_IMPLICIT_RETAIN_SELF = YES;
				CLANG_WARN_OBJC_LITERAL_CONVERSION = YES;
				CLANG_WARN_OBJC_ROOT_CLASS = YES_ERROR;
				CLANG_WARN_QUOTED_INCLUDE_IN_FRAMEWORK_HEADER = YES;
				CLANG_WARN_RANGE_LOOP_ANALYSIS = YES;
				CLANG_WARN_STRICT_PROTOTYPES = YES;
				CLANG_WARN_SUSPICIOUS_MOVE = YES;
				CLANG_WARN_UNGUARDED_AVAILABILITY = YES_AGGRESSIVE;
				CLANG_WARN_UNREACHABLE_CODE = YES;
				CLANG_WARN__DUPLICATE_METHOD_MATCH = YES;
				COPY_PHASE_STRIP = NO;
				DEBUG_INFORMATION_FORMAT = dwarf;
				ENABLE_STRICT_OBJC_MSGSEND = YES;
				ENABLE_TESTABILITY = YES;
				GCC_C_LANGUAGE_STANDARD = gnu11;
				GCC_DYNAMIC_NO_PIC = NO;
				GCC_NO_COMMON_BLOCKS = YES;
				GCC_OPTIMIZATION_LEVEL = 0;
				GCC_PREPROCESSOR_DEFINITIONS = (
					"DEBUG=1",
					"$(inherited)",
				);
				GCC_WARN_64_TO_32_BIT_CONVERSION = YES;
				GCC_WARN_ABOUT_RETURN_TYPE = YES_ERROR;
				GCC_WARN_UNDECLARED_SELECTOR = YES;
				GCC_WARN_UNINITIALIZED_AUTOS = YES_AGGRESSIVE;
				GCC_WARN_UNUSED_FUNCTION = YES;
				GCC_WARN_UNUSED_VARIABLE = YES;
				IPHONEOS_DEPLOYMENT_TARGET = 16.2;
				MTL_ENABLE_DEBUG_INFO = INCLUDE_SOURCE;
				MTL_FAST_MATH = YES;
				ONLY_ACTIVE_ARCH = YES;
				SDKROOT = iphoneos;
				SWIFT_ACTIVE_COMPILATION_CONDITIONS = DEBUG;
				SWIFT_OPTIMIZATION_LEVEL = "-Onone";
			};
			name = Debug;
		};
		E574EAD62B51C19C0038F229 /* Release */ = {
			isa = XCBuildConfiguration;
			buildSettings = {
				ALWAYS_SEARCH_USER_PATHS = NO;
				CLANG_ANALYZER_NONNULL = YES;
				CLANG_ANALYZER_NUMBER_OBJECT_CONVERSION = YES_AGGRESSIVE;
				CLANG_CXX_LANGUAGE_STANDARD = "gnu++20";
				CLANG_ENABLE_MODULES = YES;
				CLANG_ENABLE_OBJC_ARC = YES;
				CLANG_ENABLE_OBJC_WEAK = YES;
				CLANG_WARN_BLOCK_CAPTURE_AUTORELEASING = YES;
				CLANG_WARN_BOOL_CONVERSION = YES;
				CLANG_WARN_COMMA = YES;
				CLANG_WARN_CONSTANT_CONVERSION = YES;
				CLANG_WARN_DEPRECATED_OBJC_IMPLEMENTATIONS = YES;
				CLANG_WARN_DIRECT_OBJC_ISA_USAGE = YES_ERROR;
				CLANG_WARN_DOCUMENTATION_COMMENTS = YES;
				CLANG_WARN_EMPTY_BODY = YES;
				CLANG_WARN_ENUM_CONVERSION = YES;
				CLANG_WARN_INFINITE_RECURSION = YES;
				CLANG_WARN_INT_CONVERSION = YES;
				CLANG_WARN_NON_LITERAL_NULL_CONVERSION = YES;
				CLANG_WARN_OBJC_IMPLICIT_RETAIN_SELF = YES;
				CLANG_WARN_OBJC_LITERAL_CONVERSION = YES;
				CLANG_WARN_OBJC_ROOT_CLASS = YES_ERROR;
				CLANG_WARN_QUOTED_INCLUDE_IN_FRAMEWORK_HEADER = YES;
				CLANG_WARN_RANGE_LOOP_ANALYSIS = YES;
				CLANG_WARN_STRICT_PROTOTYPES = YES;
				CLANG_WARN_SUSPICIOUS_MOVE = YES;
				CLANG_WARN_UNGUARDED_AVAILABILITY = YES_AGGRESSIVE;
				CLANG_WARN_UNREACHABLE_CODE = YES;
				CLANG_WARN__DUPLICATE_METHOD_MATCH = YES;
				COPY_PHASE_STRIP = NO;
				DEBUG_INFORMATION_FORMAT = "dwarf-with-dsym";
				ENABLE_NS_ASSERTIONS = NO;
				ENABLE_STRICT_OBJC_MSGSEND = YES;
				GCC_C_LANGUAGE_STANDARD = gnu11;
				GCC_NO_COMMON_BLOCKS = YES;
				GCC_WARN_64_TO_32_BIT_CONVERSION = YES;
				GCC_WARN_ABOUT_RETURN_TYPE = YES_ERROR;
				GCC_WARN_UNDECLARED_SELECTOR = YES;
				GCC_WARN_UNINITIALIZED_AUTOS = YES_AGGRESSIVE;
				GCC_WARN_UNUSED_FUNCTION = YES;
				GCC_WARN_UNUSED_VARIABLE = YES;
				IPHONEOS_DEPLOYMENT_TARGET = 16.2;
				MTL_ENABLE_DEBUG_INFO = NO;
				MTL_FAST_MATH = YES;
				SDKROOT = iphoneos;
				SWIFT_COMPILATION_MODE = wholemodule;
				SWIFT_OPTIMIZATION_LEVEL = "-O";
				VALIDATE_PRODUCT = YES;
			};
			name = Release;
		};
		E574EAD82B51C19C0038F229 /* Debug */ = {
			isa = XCBuildConfiguration;
			buildSettings = {
				ASSETCATALOG_COMPILER_APPICON_NAME = AppIcon;
				ASSETCATALOG_COMPILER_GLOBAL_ACCENT_COLOR_NAME = AccentColor;
				CODE_SIGN_STYLE = Automatic;
				CURRENT_PROJECT_VERSION = 1;
				GENERATE_INFOPLIST_FILE = YES;
				INFOPLIST_FILE = "iOS Dev Assesment/Info.plist";
				INFOPLIST_KEY_UIApplicationSupportsIndirectInputEvents = YES;
				INFOPLIST_KEY_UILaunchStoryboardName = LaunchScreen;
				INFOPLIST_KEY_UIMainStoryboardFile = Main;
				INFOPLIST_KEY_UISupportedInterfaceOrientations_iPad = "UIInterfaceOrientationPortrait UIInterfaceOrientationPortraitUpsideDown UIInterfaceOrientationLandscapeLeft UIInterfaceOrientationLandscapeRight";
				INFOPLIST_KEY_UISupportedInterfaceOrientations_iPhone = "UIInterfaceOrientationPortrait UIInterfaceOrientationLandscapeLeft UIInterfaceOrientationLandscapeRight";
				LD_RUNPATH_SEARCH_PATHS = (
					"$(inherited)",
					"@executable_path/Frameworks",
				);
				MARKETING_VERSION = 1.0;
				PRODUCT_BUNDLE_IDENTIFIER = "josevargas.com.iOS-Dev-Assesment";
				PRODUCT_NAME = "$(TARGET_NAME)";
				SWIFT_EMIT_LOC_STRINGS = YES;
				SWIFT_VERSION = 5.0;
				TARGETED_DEVICE_FAMILY = "1,2";
			};
			name = Debug;
		};
		E574EAD92B51C19C0038F229 /* Release */ = {
			isa = XCBuildConfiguration;
			buildSettings = {
				ASSETCATALOG_COMPILER_APPICON_NAME = AppIcon;
				ASSETCATALOG_COMPILER_GLOBAL_ACCENT_COLOR_NAME = AccentColor;
				CODE_SIGN_STYLE = Automatic;
				CURRENT_PROJECT_VERSION = 1;
				GENERATE_INFOPLIST_FILE = YES;
				INFOPLIST_FILE = "iOS Dev Assesment/Info.plist";
				INFOPLIST_KEY_UIApplicationSupportsIndirectInputEvents = YES;
				INFOPLIST_KEY_UILaunchStoryboardName = LaunchScreen;
				INFOPLIST_KEY_UIMainStoryboardFile = Main;
				INFOPLIST_KEY_UISupportedInterfaceOrientations_iPad = "UIInterfaceOrientationPortrait UIInterfaceOrientationPortraitUpsideDown UIInterfaceOrientationLandscapeLeft UIInterfaceOrientationLandscapeRight";
				INFOPLIST_KEY_UISupportedInterfaceOrientations_iPhone = "UIInterfaceOrientationPortrait UIInterfaceOrientationLandscapeLeft UIInterfaceOrientationLandscapeRight";
				LD_RUNPATH_SEARCH_PATHS = (
					"$(inherited)",
					"@executable_path/Frameworks",
				);
				MARKETING_VERSION = 1.0;
				PRODUCT_BUNDLE_IDENTIFIER = "josevargas.com.iOS-Dev-Assesment";
				PRODUCT_NAME = "$(TARGET_NAME)";
				SWIFT_EMIT_LOC_STRINGS = YES;
				SWIFT_VERSION = 5.0;
				TARGETED_DEVICE_FAMILY = "1,2";
			};
			name = Release;
		};
		E574EADB2B51C19C0038F229 /* Debug */ = {
			isa = XCBuildConfiguration;
			buildSettings = {
				ALWAYS_EMBED_SWIFT_STANDARD_LIBRARIES = YES;
				BUNDLE_LOADER = "$(TEST_HOST)";
				CODE_SIGN_STYLE = Automatic;
				CURRENT_PROJECT_VERSION = 1;
				GENERATE_INFOPLIST_FILE = YES;
				IPHONEOS_DEPLOYMENT_TARGET = 16.2;
				MARKETING_VERSION = 1.0;
				PRODUCT_BUNDLE_IDENTIFIER = "josevargas.com.iOS-Dev-AssesmentTests";
				PRODUCT_NAME = "$(TARGET_NAME)";
				SWIFT_EMIT_LOC_STRINGS = NO;
				SWIFT_VERSION = 5.0;
				TARGETED_DEVICE_FAMILY = "1,2";
				TEST_HOST = "$(BUILT_PRODUCTS_DIR)/iOS Dev Assesment.app/$(BUNDLE_EXECUTABLE_FOLDER_PATH)/iOS Dev Assesment";
			};
			name = Debug;
		};
		E574EADC2B51C19C0038F229 /* Release */ = {
			isa = XCBuildConfiguration;
			buildSettings = {
				ALWAYS_EMBED_SWIFT_STANDARD_LIBRARIES = YES;
				BUNDLE_LOADER = "$(TEST_HOST)";
				CODE_SIGN_STYLE = Automatic;
				CURRENT_PROJECT_VERSION = 1;
				GENERATE_INFOPLIST_FILE = YES;
				IPHONEOS_DEPLOYMENT_TARGET = 16.2;
				MARKETING_VERSION = 1.0;
				PRODUCT_BUNDLE_IDENTIFIER = "josevargas.com.iOS-Dev-AssesmentTests";
				PRODUCT_NAME = "$(TARGET_NAME)";
				SWIFT_EMIT_LOC_STRINGS = NO;
				SWIFT_VERSION = 5.0;
				TARGETED_DEVICE_FAMILY = "1,2";
				TEST_HOST = "$(BUILT_PRODUCTS_DIR)/iOS Dev Assesment.app/$(BUNDLE_EXECUTABLE_FOLDER_PATH)/iOS Dev Assesment";
			};
			name = Release;
		};
		E574EADE2B51C19C0038F229 /* Debug */ = {
			isa = XCBuildConfiguration;
			buildSettings = {
				ALWAYS_EMBED_SWIFT_STANDARD_LIBRARIES = YES;
				CODE_SIGN_STYLE = Automatic;
				CURRENT_PROJECT_VERSION = 1;
				GENERATE_INFOPLIST_FILE = YES;
				MARKETING_VERSION = 1.0;
				PRODUCT_BUNDLE_IDENTIFIER = "josevargas.com.iOS-Dev-AssesmentUITests";
				PRODUCT_NAME = "$(TARGET_NAME)";
				SWIFT_EMIT_LOC_STRINGS = NO;
				SWIFT_VERSION = 5.0;
				TARGETED_DEVICE_FAMILY = "1,2";
				TEST_TARGET_NAME = "iOS Dev Assesment";
			};
			name = Debug;
		};
		E574EADF2B51C19C0038F229 /* Release */ = {
			isa = XCBuildConfiguration;
			buildSettings = {
				ALWAYS_EMBED_SWIFT_STANDARD_LIBRARIES = YES;
				CODE_SIGN_STYLE = Automatic;
				CURRENT_PROJECT_VERSION = 1;
				GENERATE_INFOPLIST_FILE = YES;
				MARKETING_VERSION = 1.0;
				PRODUCT_BUNDLE_IDENTIFIER = "josevargas.com.iOS-Dev-AssesmentUITests";
				PRODUCT_NAME = "$(TARGET_NAME)";
				SWIFT_EMIT_LOC_STRINGS = NO;
				SWIFT_VERSION = 5.0;
				TARGETED_DEVICE_FAMILY = "1,2";
				TEST_TARGET_NAME = "iOS Dev Assesment";
			};
			name = Release;
		};
/* End XCBuildConfiguration section */

/* Begin XCConfigurationList section */
		E574EAA52B51C19A0038F229 /* Build configuration list for PBXProject "iOS Dev Assesment" */ = {
			isa = XCConfigurationList;
			buildConfigurations = (
				E574EAD52B51C19C0038F229 /* Debug */,
				E574EAD62B51C19C0038F229 /* Release */,
			);
			defaultConfigurationIsVisible = 0;
			defaultConfigurationName = Release;
		};
		E574EAD72B51C19C0038F229 /* Build configuration list for PBXNativeTarget "iOS Dev Assesment" */ = {
			isa = XCConfigurationList;
			buildConfigurations = (
				E574EAD82B51C19C0038F229 /* Debug */,
				E574EAD92B51C19C0038F229 /* Release */,
			);
			defaultConfigurationIsVisible = 0;
			defaultConfigurationName = Release;
		};
		E574EADA2B51C19C0038F229 /* Build configuration list for PBXNativeTarget "iOS Dev AssesmentTests" */ = {
			isa = XCConfigurationList;
			buildConfigurations = (
				E574EADB2B51C19C0038F229 /* Debug */,
				E574EADC2B51C19C0038F229 /* Release */,
			);
			defaultConfigurationIsVisible = 0;
			defaultConfigurationName = Release;
		};
		E574EADD2B51C19C0038F229 /* Build configuration list for PBXNativeTarget "iOS Dev AssesmentUITests" */ = {
			isa = XCConfigurationList;
			buildConfigurations = (
				E574EADE2B51C19C0038F229 /* Debug */,
				E574EADF2B51C19C0038F229 /* Release */,
			);
			defaultConfigurationIsVisible = 0;
			defaultConfigurationName = Release;
		};
/* End XCConfigurationList section */

/* Begin XCVersionGroup section */
		E574EAB62B51C19A0038F229 /* iOS_Dev_Assesment.xcdatamodeld */ = {
			isa = XCVersionGroup;
			children = (
				E574EAB72B51C19A0038F229 /* iOS_Dev_Assesment.xcdatamodel */,
			);
			currentVersion = E574EAB72B51C19A0038F229 /* iOS_Dev_Assesment.xcdatamodel */;
			path = iOS_Dev_Assesment.xcdatamodeld;
			sourceTree = "<group>";
			versionGroupType = wrapper.xcdatamodel;
		};
/* End XCVersionGroup section */
	};
	rootObject = E574EAA22B51C19A0038F229 /* Project object */;
}
